
Microsoft Visual Studio Solution File, Format Version 12.00
# Visual Studio 15
VisualStudioVersion = 15.0.27703.2047
MinimumVisualStudioVersion = 10.0.40219.1
Project("{FAE04EC0-301F-11D3-BF4B-00C04F79EFBC}") = "SocietyCare", "SocietyCare\SocietyCare.csproj", "{5E962AA6-E103-4F8A-808E-52C9B797BBDD}"
EndProject
Project("{E53339B2-1760-4266-BCC7-CA923CBCF16C}") = "docker-compose", "docker-compose.dcproj", "{339E1AB9-825B-4667-8BDC-AB40DEFC5365}"
EndProject
Global
	GlobalSection(SolutionConfigurationPlatforms) = preSolution
		Debug|Any CPU = Debug|Any CPU
		Release|Any CPU = Release|Any CPU
	EndGlobalSection
	GlobalSection(ProjectConfigurationPlatforms) = postSolution
		{5E962AA6-E103-4F8A-808E-52C9B797BBDD}.Debug|Any CPU.ActiveCfg = Debug|Any CPU
		{5E962AA6-E103-4F8A-808E-52C9B797BBDD}.Debug|Any CPU.Build.0 = Debug|Any CPU
		{5E962AA6-E103-4F8A-808E-52C9B797BBDD}.Release|Any CPU.ActiveCfg = Release|Any CPU
		{5E962AA6-E103-4F8A-808E-52C9B797BBDD}.Release|Any CPU.Build.0 = Release|Any CPU
		{339E1AB9-825B-4667-8BDC-AB40DEFC5365}.Debug|Any CPU.ActiveCfg = Debug|Any CPU
		{339E1AB9-825B-4667-8BDC-AB40DEFC5365}.Debug|Any CPU.Build.0 = Debug|Any CPU
		{339E1AB9-825B-4667-8BDC-AB40DEFC5365}.Release|Any CPU.ActiveCfg = Release|Any CPU
		{339E1AB9-825B-4667-8BDC-AB40DEFC5365}.Release|Any CPU.Build.0 = Release|Any CPU
	EndGlobalSection
	GlobalSection(SolutionProperties) = preSolution
		HideSolutionNode = FALSE
	EndGlobalSection
	GlobalSection(ExtensibilityGlobals) = postSolution
		SolutionGuid = {0A54AE60-DB92-43C0-84F0-69945D5F1A14}
	EndGlobalSection
EndGlobal
